
Microsoft Visual Studio Solution File, Format Version 12.00
# Visual Studio Version 16
VisualStudioVersion = 16.0.29230.47
MinimumVisualStudioVersion = 10.0.40219.1
Project("{FAE04EC0-301F-11D3-BF4B-00C04F79EFBC}") = "HW5-1", "HW5\HW5-1.csproj", "{1ADBD35B-37CC-4BE1-87E4-B0A44D12505E}"
EndProject
Project("{FAE04EC0-301F-11D3-BF4B-00C04F79EFBC}") = "HW5-2", "HW5-2\HW5-2.csproj", "{53EC38D0-6EBB-40CD-BD85-5BAAF0BF0BE8}"
EndProject
Global
	GlobalSection(SolutionConfigurationPlatforms) = preSolution
		Debug|Any CPU = Debug|Any CPU
		Release|Any CPU = Release|Any CPU
	EndGlobalSection
	GlobalSection(ProjectConfigurationPlatforms) = postSolution
		{1ADBD35B-37CC-4BE1-87E4-B0A44D12505E}.Debug|Any CPU.ActiveCfg = Debug|Any CPU
		{1ADBD35B-37CC-4BE1-87E4-B0A44D12505E}.Debug|Any CPU.Build.0 = Debug|Any CPU
		{1ADBD35B-37CC-4BE1-87E4-B0A44D12505E}.Release|Any CPU.ActiveCfg = Release|Any CPU
		{1ADBD35B-37CC-4BE1-87E4-B0A44D12505E}.Release|Any CPU.Build.0 = Release|Any CPU
		{53EC38D0-6EBB-40CD-BD85-5BAAF0BF0BE8}.Debug|Any CPU.ActiveCfg = Debug|Any CPU
		{53EC38D0-6EBB-40CD-BD85-5BAAF0BF0BE8}.Debug|Any CPU.Build.0 = Debug|Any CPU
		{53EC38D0-6EBB-40CD-BD85-5BAAF0BF0BE8}.Release|Any CPU.ActiveCfg = Release|Any CPU
		{53EC38D0-6EBB-40CD-BD85-5BAAF0BF0BE8}.Release|Any CPU.Build.0 = Release|Any CPU
	EndGlobalSection
	GlobalSection(SolutionProperties) = preSolution
		HideSolutionNode = FALSE
	EndGlobalSection
	GlobalSection(ExtensibilityGlobals) = postSolution
		SolutionGuid = {10828B64-96D1-4574-BEE6-7DE76774E611}
	EndGlobalSection
EndGlobal
